
Microsoft Visual Studio Solution File, Format Version 12.00
# Visual Studio 15
VisualStudioVersion = 15.0.27703.2042
MinimumVisualStudioVersion = 10.0.40219.1
Project("{FAE04EC0-301F-11D3-BF4B-00C04F79EFBC}") = "dw_backoffice", "dw_backoffice\dw_backoffice.csproj", "{6E7C0293-2054-4287-ABAB-4EBD047D1CDA}"
EndProject
Global
	GlobalSection(SolutionConfigurationPlatforms) = preSolution
		Debug|Any CPU = Debug|Any CPU
		Release|Any CPU = Release|Any CPU
	EndGlobalSection
	GlobalSection(ProjectConfigurationPlatforms) = postSolution
		{6E7C0293-2054-4287-ABAB-4EBD047D1CDA}.Debug|Any CPU.ActiveCfg = Debug|Any CPU
		{6E7C0293-2054-4287-ABAB-4EBD047D1CDA}.Debug|Any CPU.Build.0 = Debug|Any CPU
		{6E7C0293-2054-4287-ABAB-4EBD047D1CDA}.Release|Any CPU.ActiveCfg = Release|Any CPU
		{6E7C0293-2054-4287-ABAB-4EBD047D1CDA}.Release|Any CPU.Build.0 = Release|Any CPU
	EndGlobalSection
	GlobalSection(SolutionProperties) = preSolution
		HideSolutionNode = FALSE
	EndGlobalSection
	GlobalSection(ExtensibilityGlobals) = postSolution
		SolutionGuid = {6E30E85F-56F6-4589-B023-14366C3ED43F}
	EndGlobalSection
EndGlobal
